{
  "lockfile-version": 1,
  "manifest": {
    "schema-version": "1.10.0",
    "install": {
      "nodejs_20": {
        "pkg-path": "nodejs_20"
      }
    },
    "options": {
      "systems": [
        "aarch64-darwin",
        "x86_64-darwin",
        "aarch64-linux",
        "x86_64-linux"
      ]
    }
  },
  "packages": [
    {
      "attr_path": "nodejs_20",
      "broken": false,
      "derivation": "/nix/store/006ypn0684pqvw66cvgly193vn8w9rz0-nodejs-20.20.2.drv",
      "description": "Event-driven I/O framework for the V8 JavaScript engine",
      "install_id": "nodejs_20",
      "license": "MIT",
      "locked_url": "https://github.com/flox/nixpkgs?rev=d233902339c02a9c334e7e593de68855ad26c4cb",
      "name": "nodejs-20.20.2",
      "pname": "nodejs_20",
      "rev": "d233902339c02a9c334e7e593de68855ad26c4cb",
      "rev_count": 998534,
      "rev_date": "2026-05-15T18:21:44Z",
      "scrape_date": "2026-05-17T07:06:15.336620Z",
      "stabilities": [
        "staging",
        "unstable"
      ],
      "unfree": false,
      "version": "20.20.2",
      "outputs_to_install": [
        "out",
        "out"
      ],
      "outputs": {
        "out": "/nix/store/gvr230jrjzznrhlmfymjj37x0dx3srvv-nodejs-20.20.2"
      },
      "system": "aarch64-darwin",
      "group": "toplevel",
      "priority": 5
    },
    {
      "attr_path": "nodejs_20",
      "broken": false,
      "derivation": "/nix/store/azxca3z9184bw7h0mn5p7s7vd41i966a-nodejs-20.20.2.drv",
      "description": "Event-driven I/O framework for the V8 JavaScript engine",
      "install_id": "nodejs_20",
      "license": "MIT",
      "locked_url": "https://github.com/flox/nixpkgs?rev=d233902339c02a9c334e7e593de68855ad26c4cb",
      "name": "nodejs-20.20.2",
      "pname": "nodejs_20",
      "rev": "d233902339c02a9c334e7e593de68855ad26c4cb",
      "rev_count": 998534,
      "rev_date": "2026-05-15T18:21:44Z",
      "scrape_date": "2026-05-17T07:34:06.223405Z",
      "stabilities": [
        "staging",
        "unstable"
      ],
      "unfree": false,
      "version": "20.20.2",
      "outputs_to_install": [
        "out",
        "out"
      ],
      "outputs": {
        "out": "/nix/store/jx5whkya850cy6a1fjf74p5dfqlcp1cq-nodejs-20.20.2"
      },
      "system": "aarch64-linux",
      "group": "toplevel",
      "priority": 5
    },
    {
      "attr_path": "nodejs_20",
      "broken": false,
      "derivation": "/nix/store/5zzbi87r5rln2sdjrl07wkr2yss6nbyv-nodejs-20.20.2.drv",
      "description": "Event-driven I/O framework for the V8 JavaScript engine",
      "install_id": "nodejs_20",
      "license": "MIT",
      "locked_url": "https://github.com/flox/nixpkgs?rev=d233902339c02a9c334e7e593de68855ad26c4cb",
      "name": "nodejs-20.20.2",
      "pname": "nodejs_20",
      "rev": "d233902339c02a9c334e7e593de68855ad26c4cb",
      "rev_count": 998534,
      "rev_date": "2026-05-15T18:21:44Z",
      "scrape_date": "2026-05-17T08:01:42.783035Z",
      "stabilities": [
        "staging",
        "unstable"
      ],
      "unfree": false,
      "version": "20.20.2",
      "outputs_to_install": [
        "out",
        "out"
      ],
      "outputs": {
        "out": "/nix/store/ggqdy8b4b62gr1ak2v41dka5s1dmflzk-nodejs-20.20.2"
      },
      "system": "x86_64-darwin",
      "group": "toplevel",
      "priority": 5
    },
    {
      "attr_path": "nodejs_20",
      "broken": false,
      "derivation": "/nix/store/d4szbwjarvpvg2dgxmch851mvi2a78mq-nodejs-20.20.2.drv",
      "description": "Event-driven I/O framework for the V8 JavaScript engine",
      "install_id": "nodejs_20",
      "license": "MIT",
      "locked_url": "https://github.com/flox/nixpkgs?rev=d233902339c02a9c334e7e593de68855ad26c4cb",
      "name": "nodejs-20.20.2",
      "pname": "nodejs_20",
      "rev": "d233902339c02a9c334e7e593de68855ad26c4cb",
      "rev_count": 998534,
      "rev_date": "2026-05-15T18:21:44Z",
      "scrape_date": "2026-05-17T08:32:50.641753Z",
      "stabilities": [
        "staging",
        "unstable"
      ],
      "unfree": false,
      "version": "20.20.2",
      "outputs_to_install": [
        "out",
        "out"
      ],
      "outputs": {
        "out": "/nix/store/nr0dnrnibq8114xa0i7zr7qg6n05q03g-nodejs-20.20.2"
      },
      "system": "x86_64-linux",
      "group": "toplevel",
      "priority": 5
    }
  ]
}
